
Microsoft Visual Studio Solution File, Format Version 12.00
# Visual Studio Version 17
VisualStudioVersion = 17.7.33808.371
MinimumVisualStudioVersion = 10.0.40219.1
Project("{8BC9CEB8-8B4A-11D0-8D11-00A0C91BC942}") = "SampleCode", "SampleCode\SampleCode.vcxproj", "{4C117811-728B-45B9-AFE0-70A904999F1E}"
EndProject
Project("{2150E333-8FDC-42A3-9474-1A3956D46DE8}") = "Others", "Others", "{0BF43A8C-0B92-44A2-8496-C708AA1307BA}"
	ProjectSection(SolutionItems) = preProject
		.gitignore = .gitignore
		README.md = README.md
	EndProjectSection
EndProject
Project("{2150E333-8FDC-42A3-9474-1A3956D46DE8}") = "솔루션 항목", "솔루션 항목", "{B52B635C-F836-4B4B-9D7C-EF7F43A45E26}"
	ProjectSection(SolutionItems) = preProject
		README.md = README.md
	EndProjectSection
EndProject
Global
	GlobalSection(SolutionConfigurationPlatforms) = preSolution
		Debug|x64 = Debug|x64
		Debug|x86 = Debug|x86
		Release|x64 = Release|x64
		Release|x86 = Release|x86
	EndGlobalSection
	GlobalSection(ProjectConfigurationPlatforms) = postSolution
		{4C117811-728B-45B9-AFE0-70A904999F1E}.Debug|x64.ActiveCfg = Debug|x64
		{4C117811-728B-45B9-AFE0-70A904999F1E}.Debug|x64.Build.0 = Debug|x64
		{4C117811-728B-45B9-AFE0-70A904999F1E}.Debug|x86.ActiveCfg = Debug|Win32
		{4C117811-728B-45B9-AFE0-70A904999F1E}.Debug|x86.Build.0 = Debug|Win32
		{4C117811-728B-45B9-AFE0-70A904999F1E}.Release|x64.ActiveCfg = Release|x64
		{4C117811-728B-45B9-AFE0-70A904999F1E}.Release|x64.Build.0 = Release|x64
		{4C117811-728B-45B9-AFE0-70A904999F1E}.Release|x86.ActiveCfg = Release|Win32
		{4C117811-728B-45B9-AFE0-70A904999F1E}.Release|x86.Build.0 = Release|Win32
	EndGlobalSection
	GlobalSection(SolutionProperties) = preSolution
		HideSolutionNode = FALSE
	EndGlobalSection
	GlobalSection(ExtensibilityGlobals) = postSolution
		SolutionGuid = {C1D72F48-2EF0-4477-90EB-F4A4473124DA}
	EndGlobalSection
EndGlobal
