<?xml version="1.0" encoding="utf-8"?>
<Project ToolsVersion="4.0" xmlns="http://schemas.microsoft.com/developer/msbuild/2003">
  <ItemGroup>
    <ClCompile Include="main.cpp" />
    <ClCompile Include="json.cpp" />
    <ClCompile Include="base64.cpp" />
    <ClCompile Include="JsonSerializer.cpp" />
    <ClCompile Include="StringConverter.cpp" />
    <ClCompile Include="BinarySerializer.cpp" />
    <ClCompile Include="SimpleMath.cpp" />
    <ClCompile Include="NVRO_TEST.cpp" />
  </ItemGroup>
  <ItemGroup>
    <ClInclude Include="type_traits_Ex.h" />
    <ClInclude Include="json-forwards.h" />
    <ClInclude Include="json.h" />
    <ClInclude Include="base64.h" />
    <ClInclude Include="JsonSerializer.h" />
    <ClInclude Include="Serializer.h" />
    <ClInclude Include="StringConverter.h" />
    <ClInclude Include="BinarySerializer.h" />
    <ClInclude Include="define_Enum.h" />
    <ClInclude Include="define_Macro.h" />
    <ClInclude Include="SimpleMath.h" />
    <ClInclude Include="NVRO_TEST.h" />
  </ItemGroup>
  <ItemGroup>
    <None Include="SimpleMath.inl" />
  </ItemGroup>
</Project>